// !$*UTF8*$!
{
	archiveVersion = 1;
	classes = {
	};
	objectVersion = 50;
	objects = {

/* Begin PBXBuildFile section */
		188E0397911AD93BDCBFFD40 /* libPods-WXWScrollImageView.a in Frameworks */ = {isa = PBXBuildFile; fileRef = C3C00122567A47C9645D7E84 /* libPods-WXWScrollImageView.a */; };
		849B7731219BC4C10008962A /* AppDelegate.m in Sources */ = {isa = PBXBuildFile; fileRef = 849B7730219BC4C10008962A /* AppDelegate.m */; };
		849B7734219BC4C10008962A /* ViewController.m in Sources */ = {isa = PBXBuildFile; fileRef = 849B7733219BC4C10008962A /* ViewController.m */; };
		849B7737219BC4C10008962A /* Main.storyboard in Resources */ = {isa = PBXBuildFile; fileRef = 849B7735219BC4C10008962A /* Main.storyboard */; };
		849B7739219BC4C40008962A /* Assets.xcassets in Resources */ = {isa = PBXBuildFile; fileRef = 849B7738219BC4C40008962A /* Assets.xcassets */; };
		849B773C219BC4C40008962A /* LaunchScreen.storyboard in Resources */ = {isa = PBXBuildFile; fileRef = 849B773A219BC4C40008962A /* LaunchScreen.storyboard */; };
		849B773F219BC4C40008962A /* main.m in Sources */ = {isa = PBXBuildFile; fileRef = 849B773E219BC4C40008962A /* main.m */; };
		849B7749219BC4C40008962A /* WXWScrollImageViewTests.m in Sources */ = {isa = PBXBuildFile; fileRef = 849B7748219BC4C40008962A /* WXWScrollImageViewTests.m */; };
		849B7754219BC4C40008962A /* WXWScrollImageViewUITests.m in Sources */ = {isa = PBXBuildFile; fileRef = 849B7753219BC4C40008962A /* WXWScrollImageViewUITests.m */; };
		849B7764219BC5CC0008962A /* WXWScrollImageView.m in Sources */ = {isa = PBXBuildFile; fileRef = 849B7763219BC5CC0008962A /* WXWScrollImageView.m */; };
/* End PBXBuildFile section */

/* Begin PBXContainerItemProxy section */
		849B7745219BC4C40008962A /* PBXContainerItemProxy */ = {
			isa = PBXContainerItemProxy;
			containerPortal = 849B7724219BC4C10008962A /* Project object */;
			proxyType = 1;
			remoteGlobalIDString = 849B772B219BC4C10008962A;
			remoteInfo = WXWScrollImageView;
		};
		849B7750219BC4C40008962A /* PBXContainerItemProxy */ = {
			isa = PBXContainerItemProxy;
			containerPortal = 849B7724219BC4C10008962A /* Project object */;
			proxyType = 1;
			remoteGlobalIDString = 849B772B219BC4C10008962A;
			remoteInfo = WXWScrollImageView;
		};
/* End PBXContainerItemProxy section */

/* Begin PBXFileReference section */
		1E88E91CF6DED5036D3DDE7B /* Pods-WXWScrollImageView.debug.xcconfig */ = {isa = PBXFileReference; includeInIndex = 1; lastKnownFileType = text.xcconfig; name = "Pods-WXWScrollImageView.debug.xcconfig"; path = "Pods/Target Support Files/Pods-WXWScrollImageView/Pods-WXWScrollImageView.debug.xcconfig"; sourceTree = "<group>"; };
		2D1F613112AA9CD46E3B2426 /* Pods-WXWScrollImageView.release.xcconfig */ = {isa = PBXFileReference; includeInIndex = 1; lastKnownFileType = text.xcconfig; name = "Pods-WXWScrollImageView.release.xcconfig"; path = "Pods/Target Support Files/Pods-WXWScrollImageView/Pods-WXWScrollImageView.release.xcconfig"; sourceTree = "<group>"; };
		849B772C219BC4C10008962A /* WXWScrollImageView.app */ = {isa = PBXFileReference; explicitFileType = wrapper.application; includeInIndex = 0; path = WXWScrollImageView.app; sourceTree = BUILT_PRODUCTS_DIR; };
		849B772F219BC4C10008962A /* AppDelegate.h */ = {isa = PBXFileReference; lastKnownFileType = sourcecode.c.h; path = AppDelegate.h; sourceTree = "<group>"; };
		849B7730219BC4C10008962A /* AppDelegate.m */ = {isa = PBXFileReference; lastKnownFileType = sourcecode.c.objc; path = AppDelegate.m; sourceTree = "<group>"; };
		849B7732219BC4C10008962A /* ViewController.h */ = {isa = PBXFileReference; lastKnownFileType = sourcecode.c.h; path = ViewController.h; sourceTree = "<group>"; };
		849B7733219BC4C10008962A /* ViewController.m */ = {isa = PBXFileReference; lastKnownFileType = sourcecode.c.objc; path = ViewController.m; sourceTree = "<group>"; };
		849B7736219BC4C10008962A /* Base */ = {isa = PBXFileReference; lastKnownFileType = file.storyboard; name = Base; path = Base.lproj/Main.storyboard; sourceTree = "<group>"; };
		849B7738219BC4C40008962A /* Assets.xcassets */ = {isa = PBXFileReference; lastKnownFileType = folder.assetcatalog; path = Assets.xcassets; sourceTree = "<group>"; };
		849B773B219BC4C40008962A /* Base */ = {isa = PBXFileReference; lastKnownFileType = file.storyboard; name = Base; path = Base.lproj/LaunchScreen.storyboard; sourceTree = "<group>"; };
		849B773D219BC4C40008962A /* Info.plist */ = {isa = PBXFileReference; lastKnownFileType = text.plist.xml; path = Info.plist; sourceTree = "<group>"; };
		849B773E219BC4C40008962A /* main.m */ = {isa = PBXFileReference; lastKnownFileType = sourcecode.c.objc; path = main.m; sourceTree = "<group>"; };
		849B7744219BC4C40008962A /* WXWScrollImageViewTests.xctest */ = {isa = PBXFileReference; explicitFileType = wrapper.cfbundle; includeInIndex = 0; path = WXWScrollImageViewTests.xctest; sourceTree = BUILT_PRODUCTS_DIR; };
		849B7748219BC4C40008962A /* WXWScrollImageViewTests.m */ = {isa = PBXFileReference; lastKnownFileType = sourcecode.c.objc; path = WXWScrollImageViewTests.m; sourceTree = "<group>"; };
		849B774A219BC4C40008962A /* Info.plist */ = {isa = PBXFileReference; lastKnownFileType = text.plist.xml; path = Info.plist; sourceTree = "<group>"; };
		849B774F219BC4C40008962A /* WXWScrollImageViewUITests.xctest */ = {isa = PBXFileReference; explicitFileType = wrapper.cfbundle; includeInIndex = 0; path = WXWScrollImageViewUITests.xctest; sourceTree = BUILT_PRODUCTS_DIR; };
		849B7753219BC4C40008962A /* WXWScrollImageViewUITests.m */ = {isa = PBXFileReference; lastKnownFileType = sourcecode.c.objc; path = WXWScrollImageViewUITests.m; sourceTree = "<group>"; };
		849B7755219BC4C40008962A /* Info.plist */ = {isa = PBXFileReference; lastKnownFileType = text.plist.xml; path = Info.plist; sourceTree = "<group>"; };
		849B7762219BC5CC0008962A /* WXWScrollImageView.h */ = {isa = PBXFileReference; lastKnownFileType = sourcecode.c.h; path = WXWScrollImageView.h; sourceTree = "<group>"; };
		849B7763219BC5CC0008962A /* WXWScrollImageView.m */ = {isa = PBXFileReference; lastKnownFileType = sourcecode.c.objc; path = WXWScrollImageView.m; sourceTree = "<group>"; };
		C3C00122567A47C9645D7E84 /* libPods-WXWScrollImageView.a */ = {isa = PBXFileReference; explicitFileType = archive.ar; includeInIndex = 0; path = "libPods-WXWScrollImageView.a"; sourceTree = BUILT_PRODUCTS_DIR; };
/* End PBXFileReference section */

/* Begin PBXFrameworksBuildPhase section */
		849B7729219BC4C10008962A /* Frameworks */ = {
			isa = PBXFrameworksBuildPhase;
			buildActionMask = 2147483647;
			files = (
				188E0397911AD93BDCBFFD40 /* libPods-WXWScrollImageView.a in Frameworks */,
			);
			runOnlyForDeploymentPostprocessing = 0;
		};
		849B7741219BC4C40008962A /* Frameworks */ = {
			isa = PBXFrameworksBuildPhase;
			buildActionMask = 2147483647;
			files = (
			);
			runOnlyForDeploymentPostprocessing = 0;
		};
		849B774C219BC4C40008962A /* Frameworks */ = {
			isa = PBXFrameworksBuildPhase;
			buildActionMask = 2147483647;
			files = (
			);
			runOnlyForDeploymentPostprocessing = 0;
		};
/* End PBXFrameworksBuildPhase section */

/* Begin PBXGroup section */
		257660AB2A7733B87BDB00F7 /* Frameworks */ = {
			isa = PBXGroup;
			children = (
				C3C00122567A47C9645D7E84 /* libPods-WXWScrollImageView.a */,
			);
			name = Frameworks;
			sourceTree = "<group>";
		};
		849B7723219BC4C10008962A = {
			isa = PBXGroup;
			children = (
				849B772E219BC4C10008962A /* WXWScrollImageView */,
				849B7747219BC4C40008962A /* WXWScrollImageViewTests */,
				849B7752219BC4C40008962A /* WXWScrollImageViewUITests */,
				849B772D219BC4C10008962A /* Products */,
				F4E56FAF6C7E236FE4A48009 /* Pods */,
				257660AB2A7733B87BDB00F7 /* Frameworks */,
			);
			sourceTree = "<group>";
		};
		849B772D219BC4C10008962A /* Products */ = {
			isa = PBXGroup;
			children = (
				849B772C219BC4C10008962A /* WXWScrollImageView.app */,
				849B7744219BC4C40008962A /* WXWScrollImageViewTests.xctest */,
				849B774F219BC4C40008962A /* WXWScrollImageViewUITests.xctest */,
			);
			name = Products;
			sourceTree = "<group>";
		};
		849B772E219BC4C10008962A /* WXWScrollImageView */ = {
			isa = PBXGroup;
			children = (
				849B7761219BC4E70008962A /* WXWScrollImageView */,
				849B772F219BC4C10008962A /* AppDelegate.h */,
				849B7730219BC4C10008962A /* AppDelegate.m */,
				849B7732219BC4C10008962A /* ViewController.h */,
				849B7733219BC4C10008962A /* ViewController.m */,
				849B7735219BC4C10008962A /* Main.storyboard */,
				849B7738219BC4C40008962A /* Assets.xcassets */,
				849B773A219BC4C40008962A /* LaunchScreen.storyboard */,
				849B773D219BC4C40008962A /* Info.plist */,
				849B773E219BC4C40008962A /* main.m */,
			);
			path = WXWScrollImageView;
			sourceTree = "<group>";
		};
		849B7747219BC4C40008962A /* WXWScrollImageViewTests */ = {
			isa = PBXGroup;
			children = (
				849B7748219BC4C40008962A /* WXWScrollImageViewTests.m */,
				849B774A219BC4C40008962A /* Info.plist */,
			);
			path = WXWScrollImageViewTests;
			sourceTree = "<group>";
		};
		849B7752219BC4C40008962A /* WXWScrollImageViewUITests */ = {
			isa = PBXGroup;
			children = (
				849B7753219BC4C40008962A /* WXWScrollImageViewUITests.m */,
				849B7755219BC4C40008962A /* Info.plist */,
			);
			path = WXWScrollImageViewUITests;
			sourceTree = "<group>";
		};
		849B7761219BC4E70008962A /* WXWScrollImageView */ = {
			isa = PBXGroup;
			children = (
				849B7762219BC5CC0008962A /* WXWScrollImageView.h */,
				849B7763219BC5CC0008962A /* WXWScrollImageView.m */,
			);
			path = WXWScrollImageView;
			sourceTree = "<group>";
		};
		F4E56FAF6C7E236FE4A48009 /* Pods */ = {
			isa = PBXGroup;
			children = (
				1E88E91CF6DED5036D3DDE7B /* Pods-WXWScrollImageView.debug.xcconfig */,
				2D1F613112AA9CD46E3B2426 /* Pods-WXWScrollImageView.release.xcconfig */,
			);
			name = Pods;
			sourceTree = "<group>";
		};
/* End PBXGroup section */

/* Begin PBXNativeTarget section */
		849B772B219BC4C10008962A /* WXWScrollImageView */ = {
			isa = PBXNativeTarget;
			buildConfigurationList = 849B7758219BC4C40008962A /* Build configuration list for PBXNativeTarget "WXWScrollImageView" */;
			buildPhases = (
				74BAFEB35AC0359276C8472E /* [CP] Check Pods Manifest.lock */,
				849B7728219BC4C10008962A /* Sources */,
				849B7729219BC4C10008962A /* Frameworks */,
				849B772A219BC4C10008962A /* Resources */,
			);
			buildRules = (
			);
			dependencies = (
			);
			name = WXWScrollImageView;
			productName = WXWScrollImageView;
			productReference = 849B772C219BC4C10008962A /* WXWScrollImageView.app */;
			productType = "com.apple.product-type.application";
		};
		849B7743219BC4C40008962A /* WXWScrollImageViewTests */ = {
			isa = PBXNativeTarget;
			buildConfigurationList = 849B775B219BC4C40008962A /* Build configuration list for PBXNativeTarget "WXWScrollImageViewTests" */;
			buildPhases = (
				849B7740219BC4C40008962A /* Sources */,
				849B7741219BC4C40008962A /* Frameworks */,
				849B7742219BC4C40008962A /* Resources */,
			);
			buildRules = (
			);
			dependencies = (
				849B7746219BC4C40008962A /* PBXTargetDependency */,
			);
			name = WXWScrollImageViewTests;
			productName = WXWScrollImageViewTests;
			productReference = 849B7744219BC4C40008962A /* WXWScrollImageViewTests.xctest */;
			productType = "com.apple.product-type.bundle.unit-test";
		};
		849B774E219BC4C40008962A /* WXWScrollImageViewUITests */ = {
			isa = PBXNativeTarget;
			buildConfigurationList = 849B775E219BC4C40008962A /* Build configuration list for PBXNativeTarget "WXWScrollImageViewUITests" */;
			buildPhases = (
				849B774B219BC4C40008962A /* Sources */,
				849B774C219BC4C40008962A /* Frameworks */,
				849B774D219BC4C40008962A /* Resources */,
			);
			buildRules = (
			);
			dependencies = (
				849B7751219BC4C40008962A /* PBXTargetDependency */,
			);
			name = WXWScrollImageViewUITests;
			productName = WXWScrollImageViewUITests;
			productReference = 849B774F219BC4C40008962A /* WXWScrollImageViewUITests.xctest */;
			productType = "com.apple.product-type.bundle.ui-testing";
		};
/* End PBXNativeTarget section */

/* Begin PBXProject section */
		849B7724219BC4C10008962A /* Project object */ = {
			isa = PBXProject;
			attributes = {
				LastUpgradeCheck = 1010;
				ORGANIZATIONNAME = xuewen.wang;
				TargetAttributes = {
					849B772B219BC4C10008962A = {
						CreatedOnToolsVersion = 10.1;
					};
					849B7743219BC4C40008962A = {
						CreatedOnToolsVersion = 10.1;
						TestTargetID = 849B772B219BC4C10008962A;
					};
					849B774E219BC4C40008962A = {
						CreatedOnToolsVersion = 10.1;
						TestTargetID = 849B772B219BC4C10008962A;
					};
				};
			};
			buildConfigurationList = 849B7727219BC4C10008962A /* Build configuration list for PBXProject "WXWScrollImageView" */;
			compatibilityVersion = "Xcode 9.3";
			developmentRegion = en;
			hasScannedForEncodings = 0;
			knownRegions = (
				en,
				Base,
			);
			mainGroup = 849B7723219BC4C10008962A;
			productRefGroup = 849B772D219BC4C10008962A /* Products */;
			projectDirPath = "";
			projectRoot = "";
			targets = (
				849B772B219BC4C10008962A /* WXWScrollImageView */,
				849B7743219BC4C40008962A /* WXWScrollImageViewTests */,
				849B774E219BC4C40008962A /* WXWScrollImageViewUITests */,
			);
		};
/* End PBXProject section */

/* Begin PBXResourcesBuildPhase section */
		849B772A219BC4C10008962A /* Resources */ = {
			isa = PBXResourcesBuildPhase;
			buildActionMask = 2147483647;
			files = (
				849B773C219BC4C40008962A /* LaunchScreen.storyboard in Resources */,
				849B7739219BC4C40008962A /* Assets.xcassets in Resources */,
				849B7737219BC4C10008962A /* Main.storyboard in Resources */,
			);
			runOnlyForDeploymentPostprocessing = 0;
		};
		849B7742219BC4C40008962A /* Resources */ = {
			isa = PBXResourcesBuildPhase;
			buildActionMask = 2147483647;
			files = (
			);
			runOnlyForDeploymentPostprocessing = 0;
		};
		849B774D219BC4C40008962A /* Resources */ = {
			isa = PBXResourcesBuildPhase;
			buildActionMask = 2147483647;
			files = (
			);
			runOnlyForDeploymentPostprocessing = 0;
		};
/* End PBXResourcesBuildPhase section */

/* Begin PBXShellScriptBuildPhase section */
		74BAFEB35AC0359276C8472E /* [CP] Check Pods Manifest.lock */ = {
			isa = PBXShellScriptBuildPhase;
			buildActionMask = 2147483647;
			files = (
			);
			inputPaths = (
				"${PODS_PODFILE_DIR_PATH}/Podfile.lock",
				"${PODS_ROOT}/Manifest.lock",
			);
			name = "[CP] Check Pods Manifest.lock";
			outputPaths = (
				"$(DERIVED_FILE_DIR)/Pods-WXWScrollImageView-checkManifestLockResult.txt",
			);
			runOnlyForDeploymentPostprocessing = 0;
			shellPath = /bin/sh;
			shellScript = "diff \"${PODS_PODFILE_DIR_PATH}/Podfile.lock\" \"${PODS_ROOT}/Manifest.lock\" > /dev/null\nif [ $? != 0 ] ; then\n    # print error to STDERR\n    echo \"error: The sandbox is not in sync with the Podfile.lock. Run 'pod install' or update your CocoaPods installation.\" >&2\n    exit 1\nfi\n# This output is used by Xcode 'outputs' to avoid re-running this script phase.\necho \"SUCCESS\" > \"${SCRIPT_OUTPUT_FILE_0}\"\n";
			showEnvVarsInLog = 0;
		};
/* End PBXShellScriptBuildPhase section */

/* Begin PBXSourcesBuildPhase section */
		849B7728219BC4C10008962A /* Sources */ = {
			isa = PBXSourcesBuildPhase;
			buildActionMask = 2147483647;
			files = (
				849B7734219BC4C10008962A /* ViewController.m in Sources */,
				849B773F219BC4C40008962A /* main.m in Sources */,
				849B7764219BC5CC0008962A /* WXWScrollImageView.m in Sources */,
				849B7731219BC4C10008962A /* AppDelegate.m in Sources */,
			);
			runOnlyForDeploymentPostprocessing = 0;
		};
		849B7740219BC4C40008962A /* Sources */ = {
			isa = PBXSourcesBuildPhase;
			buildActionMask = 2147483647;
			files = (
				849B7749219BC4C40008962A /* WXWScrollImageViewTests.m in Sources */,
			);
			runOnlyForDeploymentPostprocessing = 0;
		};
		849B774B219BC4C40008962A /* Sources */ = {
			isa = PBXSourcesBuildPhase;
			buildActionMask = 2147483647;
			files = (
				849B7754219BC4C40008962A /* WXWScrollImageViewUITests.m in Sources */,
			);
			runOnlyForDeploymentPostprocessing = 0;
		};
/* End PBXSourcesBuildPhase section */

/* Begin PBXTargetDependency section */
		849B7746219BC4C40008962A /* PBXTargetDependency */ = {
			isa = PBXTargetDependency;
			target = 849B772B219BC4C10008962A /* WXWScrollImageView */;
			targetProxy = 849B7745219BC4C40008962A /* PBXContainerItemProxy */;
		};
		849B7751219BC4C40008962A /* PBXTargetDependency */ = {
			isa = PBXTargetDependency;
			target = 849B772B219BC4C10008962A /* WXWScrollImageView */;
			targetProxy = 849B7750219BC4C40008962A /* PBXContainerItemProxy */;
		};
/* End PBXTargetDependency section */

/* Begin PBXVariantGroup section */
		849B7735219BC4C10008962A /* Main.storyboard */ = {
			isa = PBXVariantGroup;
			children = (
				849B7736219BC4C10008962A /* Base */,
			);
			name = Main.storyboard;
			sourceTree = "<group>";
		};
		849B773A219BC4C40008962A /* LaunchScreen.storyboard */ = {
			isa = PBXVariantGroup;
			children = (
				849B773B219BC4C40008962A /* Base */,
			);
			name = LaunchScreen.storyboard;
			sourceTree = "<group>";
		};
/* End PBXVariantGroup section */

/* Begin XCBuildConfiguration section */
		849B7756219BC4C40008962A /* Debug */ = {
			isa = XCBuildConfiguration;
			buildSettings = {
				ALWAYS_SEARCH_USER_PATHS = NO;
				CLANG_ANALYZER_NONNULL = YES;
				CLANG_ANALYZER_NUMBER_OBJECT_CONVERSION = YES_AGGRESSIVE;
				CLANG_CXX_LANGUAGE_STANDARD = "gnu++14";
				CLANG_CXX_LIBRARY = "libc++";
				CLANG_ENABLE_MODULES = YES;
				CLANG_ENABLE_OBJC_ARC = YES;
				CLANG_ENABLE_OBJC_WEAK = YES;
				CLANG_WARN_BLOCK_CAPTURE_AUTORELEASING = YES;
				CLANG_WARN_BOOL_CONVERSION = YES;
				CLANG_WARN_COMMA = YES;
				CLANG_WARN_CONSTANT_CONVERSION = YES;
				CLANG_WARN_DEPRECATED_OBJC_IMPLEMENTATIONS = YES;
				CLANG_WARN_DIRECT_OBJC_ISA_USAGE = YES_ERROR;
				CLANG_WARN_DOCUMENTATION_COMMENTS = YES;
				CLANG_WARN_EMPTY_BODY = YES;
				CLANG_WARN_ENUM_CONVERSION = YES;
				CLANG_WARN_INFINITE_RECURSION = YES;
				CLANG_WARN_INT_CONVERSION = YES;
				CLANG_WARN_NON_LITERAL_NULL_CONVERSION = YES;
				CLANG_WARN_OBJC_IMPLICIT_RETAIN_SELF = YES;
				CLANG_WARN_OBJC_LITERAL_CONVERSION = YES;
				CLANG_WARN_OBJC_ROOT_CLASS = YES_ERROR;
				CLANG_WARN_RANGE_LOOP_ANALYSIS = YES;
				CLANG_WARN_STRICT_PROTOTYPES = YES;
				CLANG_WARN_SUSPICIOUS_MOVE = YES;
				CLANG_WARN_UNGUARDED_AVAILABILITY = YES_AGGRESSIVE;
				CLANG_WARN_UNREACHABLE_CODE = YES;
				CLANG_WARN__DUPLICATE_METHOD_MATCH = YES;
				CODE_SIGN_IDENTITY = "iPhone Developer";
				COPY_PHASE_STRIP = NO;
				DEBUG_INFORMATION_FORMAT = dwarf;
				ENABLE_STRICT_OBJC_MSGSEND = YES;
				ENABLE_TESTABILITY = YES;
				GCC_C_LANGUAGE_STANDARD = gnu11;
				GCC_DYNAMIC_NO_PIC = NO;
				GCC_NO_COMMON_BLOCKS = YES;
				GCC_OPTIMIZATION_LEVEL = 0;
				GCC_PREPROCESSOR_DEFINITIONS = (
					"DEBUG=1",
					"$(inherited)",
				);
				GCC_WARN_64_TO_32_BIT_CONVERSION = YES;
				GCC_WARN_ABOUT_RETURN_TYPE = YES_ERROR;
				GCC_WARN_UNDECLARED_SELECTOR = YES;
				GCC_WARN_UNINITIALIZED_AUTOS = YES_AGGRESSIVE;
				GCC_WARN_UNUSED_FUNCTION = YES;
				GCC_WARN_UNUSED_VARIABLE = YES;
				IPHONEOS_DEPLOYMENT_TARGET = 12.1;
				MTL_ENABLE_DEBUG_INFO = INCLUDE_SOURCE;
				MTL_FAST_MATH = YES;
				ONLY_ACTIVE_ARCH = YES;
				SDKROOT = iphoneos;
			};
			name = Debug;
		};
		849B7757219BC4C40008962A /* Release */ = {
			isa = XCBuildConfiguration;
			buildSettings = {
				ALWAYS_SEARCH_USER_PATHS = NO;
				CLANG_ANALYZER_NONNULL = YES;
				CLANG_ANALYZER_NUMBER_OBJECT_CONVERSION = YES_AGGRESSIVE;
				CLANG_CXX_LANGUAGE_STANDARD = "gnu++14";
				CLANG_CXX_LIBRARY = "libc++";
				CLANG_ENABLE_MODULES = YES;
				CLANG_ENABLE_OBJC_ARC = YES;
				CLANG_ENABLE_OBJC_WEAK = YES;
				CLANG_WARN_BLOCK_CAPTURE_AUTORELEASING = YES;
				CLANG_WARN_BOOL_CONVERSION = YES;
				CLANG_WARN_COMMA = YES;
				CLANG_WARN_CONSTANT_CONVERSION = YES;
				CLANG_WARN_DEPRECATED_OBJC_IMPLEMENTATIONS = YES;
				CLANG_WARN_DIRECT_OBJC_ISA_USAGE = YES_ERROR;
				CLANG_WARN_DOCUMENTATION_COMMENTS = YES;
				CLANG_WARN_EMPTY_BODY = YES;
				CLANG_WARN_ENUM_CONVERSION = YES;
				CLANG_WARN_INFINITE_RECURSION = YES;
				CLANG_WARN_INT_CONVERSION = YES;
				CLANG_WARN_NON_LITERAL_NULL_CONVERSION = YES;
				CLANG_WARN_OBJC_IMPLICIT_RETAIN_SELF = YES;
				CLANG_WARN_OBJC_LITERAL_CONVERSION = YES;
				CLANG_WARN_OBJC_ROOT_CLASS = YES_ERROR;
				CLANG_WARN_RANGE_LOOP_ANALYSIS = YES;
				CLANG_WARN_STRICT_PROTOTYPES = YES;
				CLANG_WARN_SUSPICIOUS_MOVE = YES;
				CLANG_WARN_UNGUARDED_AVAILABILITY = YES_AGGRESSIVE;
				CLANG_WARN_UNREACHABLE_CODE = YES;
				CLANG_WARN__DUPLICATE_METHOD_MATCH = YES;
				CODE_SIGN_IDENTITY = "iPhone Developer";
				COPY_PHASE_STRIP = NO;
				DEBUG_INFORMATION_FORMAT = "dwarf-with-dsym";
				ENABLE_NS_ASSERTIONS = NO;
				ENABLE_STRICT_OBJC_MSGSEND = YES;
				GCC_C_LANGUAGE_STANDARD = gnu11;
				GCC_NO_COMMON_BLOCKS = YES;
				GCC_WARN_64_TO_32_BIT_CONVERSION = YES;
				GCC_WARN_ABOUT_RETURN_TYPE = YES_ERROR;
				GCC_WARN_UNDECLARED_SELECTOR = YES;
				GCC_WARN_UNINITIALIZED_AUTOS = YES_AGGRESSIVE;
				GCC_WARN_UNUSED_FUNCTION = YES;
				GCC_WARN_UNUSED_VARIABLE = YES;
				IPHONEOS_DEPLOYMENT_TARGET = 12.1;
				MTL_ENABLE_DEBUG_INFO = NO;
				MTL_FAST_MATH = YES;
				SDKROOT = iphoneos;
				VALIDATE_PRODUCT = YES;
			};
			name = Release;
		};
		849B7759219BC4C40008962A /* Debug */ = {
			isa = XCBuildConfiguration;
			baseConfigurationReference = 1E88E91CF6DED5036D3DDE7B /* Pods-WXWScrollImageView.debug.xcconfig */;
			buildSettings = {
				ASSETCATALOG_COMPILER_APPICON_NAME = AppIcon;
				CODE_SIGN_STYLE = Automatic;
				DEVELOPMENT_TEAM = Q7AEAPEXBN;
				INFOPLIST_FILE = WXWScrollImageView/Info.plist;
				IPHONEOS_DEPLOYMENT_TARGET = 9.0;
				LD_RUNPATH_SEARCH_PATHS = (
					"$(inherited)",
					"@executable_path/Frameworks",
				);
				PRODUCT_BUNDLE_IDENTIFIER = com.wxw.ScrollImageView.WXWScrollImageView;
				PRODUCT_NAME = "$(TARGET_NAME)";
				TARGETED_DEVICE_FAMILY = "1,2";
			};
			name = Debug;
		};
		849B775A219BC4C40008962A /* Release */ = {
			isa = XCBuildConfiguration;
			baseConfigurationReference = 2D1F613112AA9CD46E3B2426 /* Pods-WXWScrollImageView.release.xcconfig */;
			buildSettings = {
				ASSETCATALOG_COMPILER_APPICON_NAME = AppIcon;
				CODE_SIGN_STYLE = Automatic;
				DEVELOPMENT_TEAM = Q7AEAPEXBN;
				INFOPLIST_FILE = WXWScrollImageView/Info.plist;
				IPHONEOS_DEPLOYMENT_TARGET = 9.0;
				LD_RUNPATH_SEARCH_PATHS = (
					"$(inherited)",
					"@executable_path/Frameworks",
				);
				PRODUCT_BUNDLE_IDENTIFIER = com.wxw.ScrollImageView.WXWScrollImageView;
				PRODUCT_NAME = "$(TARGET_NAME)";
				TARGETED_DEVICE_FAMILY = "1,2";
			};
			name = Release;
		};
		849B775C219BC4C40008962A /* Debug */ = {
			isa = XCBuildConfiguration;
			buildSettings = {
				BUNDLE_LOADER = "$(TEST_HOST)";
				CODE_SIGN_STYLE = Automatic;
				DEVELOPMENT_TEAM = Q7AEAPEXBN;
				INFOPLIST_FILE = WXWScrollImageViewTests/Info.plist;
				LD_RUNPATH_SEARCH_PATHS = (
					"$(inherited)",
					"@executable_path/Frameworks",
					"@loader_path/Frameworks",
				);
				PRODUCT_BUNDLE_IDENTIFIER = com.wxw.ScrollImageView.WXWScrollImageViewTests;
				PRODUCT_NAME = "$(TARGET_NAME)";
				TARGETED_DEVICE_FAMILY = "1,2";
				TEST_HOST = "$(BUILT_PRODUCTS_DIR)/WXWScrollImageView.app/WXWScrollImageView";
			};
			name = Debug;
		};
		849B775D219BC4C40008962A /* Release */ = {
			isa = XCBuildConfiguration;
			buildSettings = {
				BUNDLE_LOADER = "$(TEST_HOST)";
				CODE_SIGN_STYLE = Automatic;
				DEVELOPMENT_TEAM = Q7AEAPEXBN;
				INFOPLIST_FILE = WXWScrollImageViewTests/Info.plist;
				LD_RUNPATH_SEARCH_PATHS = (
					"$(inherited)",
					"@executable_path/Frameworks",
					"@loader_path/Frameworks",
				);
				PRODUCT_BUNDLE_IDENTIFIER = com.wxw.ScrollImageView.WXWScrollImageViewTests;
				PRODUCT_NAME = "$(TARGET_NAME)";
				TARGETED_DEVICE_FAMILY = "1,2";
				TEST_HOST = "$(BUILT_PRODUCTS_DIR)/WXWScrollImageView.app/WXWScrollImageView";
			};
			name = Release;
		};
		849B775F219BC4C40008962A /* Debug */ = {
			isa = XCBuildConfiguration;
			buildSettings = {
				CODE_SIGN_STYLE = Automatic;
				DEVELOPMENT_TEAM = Q7AEAPEXBN;
				INFOPLIST_FILE = WXWScrollImageViewUITests/Info.plist;
				LD_RUNPATH_SEARCH_PATHS = (
					"$(inherited)",
					"@executable_path/Frameworks",
					"@loader_path/Frameworks",
				);
				PRODUCT_BUNDLE_IDENTIFIER = com.wxw.ScrollImageView.WXWScrollImageViewUITests;
				PRODUCT_NAME = "$(TARGET_NAME)";
				TARGETED_DEVICE_FAMILY = "1,2";
				TEST_TARGET_NAME = WXWScrollImageView;
			};
			name = Debug;
		};
		849B7760219BC4C40008962A /* Release */ = {
			isa = XCBuildConfiguration;
			buildSettings = {
				CODE_SIGN_STYLE = Automatic;
				DEVELOPMENT_TEAM = Q7AEAPEXBN;
				INFOPLIST_FILE = WXWScrollImageViewUITests/Info.plist;
				LD_RUNPATH_SEARCH_PATHS = (
					"$(inherited)",
					"@executable_path/Frameworks",
					"@loader_path/Frameworks",
				);
				PRODUCT_BUNDLE_IDENTIFIER = com.wxw.ScrollImageView.WXWScrollImageViewUITests;
				PRODUCT_NAME = "$(TARGET_NAME)";
				TARGETED_DEVICE_FAMILY = "1,2";
				TEST_TARGET_NAME = WXWScrollImageView;
			};
			name = Release;
		};
/* End XCBuildConfiguration section */

/* Begin XCConfigurationList section */
		849B7727219BC4C10008962A /* Build configuration list for PBXProject "WXWScrollImageView" */ = {
			isa = XCConfigurationList;
			buildConfigurations = (
				849B7756219BC4C40008962A /* Debug */,
				849B7757219BC4C40008962A /* Release */,
			);
			defaultConfigurationIsVisible = 0;
			defaultConfigurationName = Release;
		};
		849B7758219BC4C40008962A /* Build configuration list for PBXNativeTarget "WXWScrollImageView" */ = {
			isa = XCConfigurationList;
			buildConfigurations = (
				849B7759219BC4C40008962A /* Debug */,
				849B775A219BC4C40008962A /* Release */,
			);
			defaultConfigurationIsVisible = 0;
			defaultConfigurationName = Release;
		};
		849B775B219BC4C40008962A /* Build configuration list for PBXNativeTarget "WXWScrollImageViewTests" */ = {
			isa = XCConfigurationList;
			buildConfigurations = (
				849B775C219BC4C40008962A /* Debug */,
				849B775D219BC4C40008962A /* Release */,
			);
			defaultConfigurationIsVisible = 0;
			defaultConfigurationName = Release;
		};
		849B775E219BC4C40008962A /* Build configuration list for PBXNativeTarget "WXWScrollImageViewUITests" */ = {
			isa = XCConfigurationList;
			buildConfigurations = (
				849B775F219BC4C40008962A /* Debug */,
				849B7760219BC4C40008962A /* Release */,
			);
			defaultConfigurationIsVisible = 0;
			defaultConfigurationName = Release;
		};
/* End XCConfigurationList section */
	};
	rootObject = 849B7724219BC4C10008962A /* Project object */;
}
